
Microsoft Visual Studio Solution File, Format Version 12.00
# Visual Studio 15
VisualStudioVersion = 15.0.27428.2037
MinimumVisualStudioVersion = 10.0.40219.1
Project("{FAE04EC0-301F-11D3-BF4B-00C04F79EFBC}") = "Entidades", "Entidades\Entidades.csproj", "{DE4813B7-C5BB-4CF0-8607-C3FCD5887F7F}"
EndProject
Project("{FAE04EC0-301F-11D3-BF4B-00C04F79EFBC}") = "Datos", "Datos\Datos.csproj", "{6127BD78-3EB3-4A27-B090-D146770BDA13}"
EndProject
Project("{FAE04EC0-301F-11D3-BF4B-00C04F79EFBC}") = "Negocio", "Negocio\Negocio.csproj", "{B099135F-3228-4FC0-BD77-BF77521F7318}"
EndProject
Project("{FAE04EC0-301F-11D3-BF4B-00C04F79EFBC}") = "Escritorio", "Escritorio\Escritorio.csproj", "{8464B7B5-ED91-4F91-B31F-6A5DC3F10C9F}"
EndProject
Project("{FAE04EC0-301F-11D3-BF4B-00C04F79EFBC}") = "Web", "Web\Web.csproj", "{B1D0C012-0D76-4373-A80F-7830CB6ABBC7}"
EndProject
Global
	GlobalSection(SolutionConfigurationPlatforms) = preSolution
		Debug|Any CPU = Debug|Any CPU
		Release|Any CPU = Release|Any CPU
	EndGlobalSection
	GlobalSection(ProjectConfigurationPlatforms) = postSolution
		{DE4813B7-C5BB-4CF0-8607-C3FCD5887F7F}.Debug|Any CPU.ActiveCfg = Debug|Any CPU
		{DE4813B7-C5BB-4CF0-8607-C3FCD5887F7F}.Debug|Any CPU.Build.0 = Debug|Any CPU
		{DE4813B7-C5BB-4CF0-8607-C3FCD5887F7F}.Release|Any CPU.ActiveCfg = Release|Any CPU
		{DE4813B7-C5BB-4CF0-8607-C3FCD5887F7F}.Release|Any CPU.Build.0 = Release|Any CPU
		{6127BD78-3EB3-4A27-B090-D146770BDA13}.Debug|Any CPU.ActiveCfg = Debug|Any CPU
		{6127BD78-3EB3-4A27-B090-D146770BDA13}.Debug|Any CPU.Build.0 = Debug|Any CPU
		{6127BD78-3EB3-4A27-B090-D146770BDA13}.Release|Any CPU.ActiveCfg = Release|Any CPU
		{6127BD78-3EB3-4A27-B090-D146770BDA13}.Release|Any CPU.Build.0 = Release|Any CPU
		{B099135F-3228-4FC0-BD77-BF77521F7318}.Debug|Any CPU.ActiveCfg = Debug|Any CPU
		{B099135F-3228-4FC0-BD77-BF77521F7318}.Debug|Any CPU.Build.0 = Debug|Any CPU
		{B099135F-3228-4FC0-BD77-BF77521F7318}.Release|Any CPU.ActiveCfg = Release|Any CPU
		{B099135F-3228-4FC0-BD77-BF77521F7318}.Release|Any CPU.Build.0 = Release|Any CPU
		{8464B7B5-ED91-4F91-B31F-6A5DC3F10C9F}.Debug|Any CPU.ActiveCfg = Debug|Any CPU
		{8464B7B5-ED91-4F91-B31F-6A5DC3F10C9F}.Debug|Any CPU.Build.0 = Debug|Any CPU
		{8464B7B5-ED91-4F91-B31F-6A5DC3F10C9F}.Release|Any CPU.ActiveCfg = Release|Any CPU
		{8464B7B5-ED91-4F91-B31F-6A5DC3F10C9F}.Release|Any CPU.Build.0 = Release|Any CPU
		{B1D0C012-0D76-4373-A80F-7830CB6ABBC7}.Debug|Any CPU.ActiveCfg = Debug|Any CPU
		{B1D0C012-0D76-4373-A80F-7830CB6ABBC7}.Debug|Any CPU.Build.0 = Debug|Any CPU
		{B1D0C012-0D76-4373-A80F-7830CB6ABBC7}.Release|Any CPU.ActiveCfg = Release|Any CPU
		{B1D0C012-0D76-4373-A80F-7830CB6ABBC7}.Release|Any CPU.Build.0 = Release|Any CPU
	EndGlobalSection
	GlobalSection(SolutionProperties) = preSolution
		HideSolutionNode = FALSE
	EndGlobalSection
	GlobalSection(ExtensibilityGlobals) = postSolution
		SolutionGuid = {A99AE947-DCA5-400C-818D-9503FB2915E5}
	EndGlobalSection
EndGlobal
